
Microsoft Visual Studio Solution File, Format Version 12.00
# Visual Studio Version 16
VisualStudioVersion = 16.0.30907.101
MinimumVisualStudioVersion = 10.0.40219.1
Project("{888888A0-9F3D-457C-B088-3A5042F75D52}") = "ChenBot_Alpha_v1", "ChenBot_Alpha_v1.pyproj", "{D86D45C0-3970-42C1-B37D-826B4D264411}"
EndProject
Global
	GlobalSection(SolutionConfigurationPlatforms) = preSolution
		Debug|Any CPU = Debug|Any CPU
		Release|Any CPU = Release|Any CPU
	EndGlobalSection
	GlobalSection(ProjectConfigurationPlatforms) = postSolution
		{D86D45C0-3970-42C1-B37D-826B4D264411}.Debug|Any CPU.ActiveCfg = Debug|Any CPU
		{D86D45C0-3970-42C1-B37D-826B4D264411}.Release|Any CPU.ActiveCfg = Release|Any CPU
	EndGlobalSection
	GlobalSection(SolutionProperties) = preSolution
		HideSolutionNode = FALSE
	EndGlobalSection
	GlobalSection(ExtensibilityGlobals) = postSolution
		SolutionGuid = {15DB6306-E001-48DC-A847-CCCC352BFAF7}
	EndGlobalSection
EndGlobal
